
Microsoft Visual Studio Solution File, Format Version 10.00
# Visual C++ Express 2008
Project("{8BC9CEB8-8B4A-11D0-8D11-00A0C91BC942}") = "projekt", "projekt.vcproj", "{fc4c3eeb-5fc1-4b18-b30e-f6db4eeba7ae}"
EndProject
Global
	GlobalSection(SolutionConfigurationPlatforms) = preSolution
		Debug|Win32 = Debug|Win32
		Release|Win32 = Release|Win32
	EndGlobalSection
	GlobalSection(ProjectConfigurationPlatforms) = postSolution
		{fc4c3eeb-5fc1-4b18-b30e-f6db4eeba7ae}.Debug|Win32.ActiveCfg = Debug|Win32
		{fc4c3eeb-5fc1-4b18-b30e-f6db4eeba7ae}.Debug|Win32.Build.0 = Debug|Win32
		{fc4c3eeb-5fc1-4b18-b30e-f6db4eeba7ae}.Release|Win32.ActiveCfg = Release|Win32
		{fc4c3eeb-5fc1-4b18-b30e-f6db4eeba7ae}.Release|Win32.Build.0 = Release|Win32
	EndGlobalSection
	GlobalSection(SolutionProperties) = preSolution
		HideSolutionNode = FALSE
	EndGlobalSection
EndGlobal